// !$*UTF8*$!
{
	archiveVersion = 1;
	classes = {
	};
	objectVersion = 46;
	objects = {

/* Begin PBXBuildFile section */
		BC6B69781C6FFAFA00F03D6D /* AppDelegate.swift in Sources */ = {isa = PBXBuildFile; fileRef = BC6B69771C6FFAFA00F03D6D /* AppDelegate.swift */; };
		BC6B697A1C6FFAFA00F03D6D /* ViewController.swift in Sources */ = {isa = PBXBuildFile; fileRef = BC6B69791C6FFAFA00F03D6D /* ViewController.swift */; };
		BC6B697F1C6FFAFA00F03D6D /* Assets.xcassets in Resources */ = {isa = PBXBuildFile; fileRef = BC6B697E1C6FFAFA00F03D6D /* Assets.xcassets */; };
		BC6B69821C6FFAFA00F03D6D /* LaunchScreen.storyboard in Resources */ = {isa = PBXBuildFile; fileRef = BC6B69801C6FFAFA00F03D6D /* LaunchScreen.storyboard */; };
		BC6B69961C70034C00F03D6D /* CalculatorViewController.swift in Sources */ = {isa = PBXBuildFile; fileRef = BC6B69951C70034C00F03D6D /* CalculatorViewController.swift */; };
/* End PBXBuildFile section */

/* Begin PBXFileReference section */
		BC6B69741C6FFAFA00F03D6D /* TheSwissArmyApp.app */ = {isa = PBXFileReference; explicitFileType = wrapper.application; includeInIndex = 0; path = TheSwissArmyApp.app; sourceTree = BUILT_PRODUCTS_DIR; };
		BC6B69771C6FFAFA00F03D6D /* AppDelegate.swift */ = {isa = PBXFileReference; lastKnownFileType = sourcecode.swift; path = AppDelegate.swift; sourceTree = "<group>"; };
		BC6B69791C6FFAFA00F03D6D /* ViewController.swift */ = {isa = PBXFileReference; lastKnownFileType = sourcecode.swift; path = ViewController.swift; sourceTree = "<group>"; };
		BC6B697E1C6FFAFA00F03D6D /* Assets.xcassets */ = {isa = PBXFileReference; lastKnownFileType = folder.assetcatalog; path = Assets.xcassets; sourceTree = "<group>"; };
		BC6B69811C6FFAFA00F03D6D /* Base */ = {isa = PBXFileReference; lastKnownFileType = file.storyboard; name = Base; path = Base.lproj/LaunchScreen.storyboard; sourceTree = "<group>"; };
		BC6B69831C6FFAFA00F03D6D /* Info.plist */ = {isa = PBXFileReference; lastKnownFileType = text.plist.xml; path = Info.plist; sourceTree = "<group>"; };
		BC6B69951C70034C00F03D6D /* CalculatorViewController.swift */ = {isa = PBXFileReference; fileEncoding = 4; lastKnownFileType = sourcecode.swift; path = CalculatorViewController.swift; sourceTree = "<group>"; };
/* End PBXFileReference section */

/* Begin PBXFrameworksBuildPhase section */
		BC6B69711C6FFAFA00F03D6D /* Frameworks */ = {
			isa = PBXFrameworksBuildPhase;
			buildActionMask = 2147483647;
			files = (
			);
			runOnlyForDeploymentPostprocessing = 0;
		};
/* End PBXFrameworksBuildPhase section */

/* Begin PBXGroup section */
		BC6B696B1C6FFAFA00F03D6D = {
			isa = PBXGroup;
			children = (
				BC6B69761C6FFAFA00F03D6D /* TheSwissArmyApp */,
				BC6B69751C6FFAFA00F03D6D /* Products */,
			);
			sourceTree = "<group>";
		};
		BC6B69751C6FFAFA00F03D6D /* Products */ = {
			isa = PBXGroup;
			children = (
				BC6B69741C6FFAFA00F03D6D /* TheSwissArmyApp.app */,
			);
			name = Products;
			sourceTree = "<group>";
		};
		BC6B69761C6FFAFA00F03D6D /* TheSwissArmyApp */ = {
			isa = PBXGroup;
			children = (
				BC6B69771C6FFAFA00F03D6D /* AppDelegate.swift */,
				BC6B69791C6FFAFA00F03D6D /* ViewController.swift */,
				BC6B697E1C6FFAFA00F03D6D /* Assets.xcassets */,
				BC6B69801C6FFAFA00F03D6D /* LaunchScreen.storyboard */,
				BC6B69831C6FFAFA00F03D6D /* Info.plist */,
				BC6B69951C70034C00F03D6D /* CalculatorViewController.swift */,
			);
			path = TheSwissArmyApp;
			sourceTree = "<group>";
		};
/* End PBXGroup section */

/* Begin PBXNativeTarget section */
		BC6B69731C6FFAFA00F03D6D /* TheSwissArmyApp */ = {
			isa = PBXNativeTarget;
			buildConfigurationList = BC6B69861C6FFAFA00F03D6D /* Build configuration list for PBXNativeTarget "TheSwissArmyApp" */;
			buildPhases = (
				BC6B69701C6FFAFA00F03D6D /* Sources */,
				BC6B69711C6FFAFA00F03D6D /* Frameworks */,
				BC6B69721C6FFAFA00F03D6D /* Resources */,
			);
			buildRules = (
			);
			dependencies = (
			);
			name = TheSwissArmyApp;
			productName = TheSwissArmyApp;
			productReference = BC6B69741C6FFAFA00F03D6D /* TheSwissArmyApp.app */;
			productType = "com.apple.product-type.application";
		};
/* End PBXNativeTarget section */

/* Begin PBXProject section */
		BC6B696C1C6FFAFA00F03D6D /* Project object */ = {
			isa = PBXProject;
			attributes = {
				LastSwiftUpdateCheck = 0720;
				LastUpgradeCheck = 0720;
				ORGANIZATIONNAME = "Jeremy Irvine";
				TargetAttributes = {
					BC6B69731C6FFAFA00F03D6D = {
						CreatedOnToolsVersion = 7.2;
						DevelopmentTeam = P334YRNS8K;
					};
				};
			};
			buildConfigurationList = BC6B696F1C6FFAFA00F03D6D /* Build configuration list for PBXProject "TheSwissArmyApp" */;
			compatibilityVersion = "Xcode 3.2";
			developmentRegion = English;
			hasScannedForEncodings = 0;
			knownRegions = (
				en,
				Base,
			);
			mainGroup = BC6B696B1C6FFAFA00F03D6D;
			productRefGroup = BC6B69751C6FFAFA00F03D6D /* Products */;
			projectDirPath = "";
			projectRoot = "";
			targets = (
				BC6B69731C6FFAFA00F03D6D /* TheSwissArmyApp */,
			);
		};
/* End PBXProject section */

/* Begin PBXResourcesBuildPhase section */
		BC6B69721C6FFAFA00F03D6D /* Resources */ = {
			isa = PBXResourcesBuildPhase;
			buildActionMask = 2147483647;
			files = (
				BC6B69821C6FFAFA00F03D6D /* LaunchScreen.storyboard in Resources */,
				BC6B697F1C6FFAFA00F03D6D /* Assets.xcassets in Resources */,
			);
			runOnlyForDeploymentPostprocessing = 0;
		};
/* End PBXResourcesBuildPhase section */

/* Begin PBXSourcesBuildPhase section */
		BC6B69701C6FFAFA00F03D6D /* Sources */ = {
			isa = PBXSourcesBuildPhase;
			buildActionMask = 2147483647;
			files = (
				BC6B697A1C6FFAFA00F03D6D /* ViewController.swift in Sources */,
				BC6B69961C70034C00F03D6D /* CalculatorViewController.swift in Sources */,
				BC6B69781C6FFAFA00F03D6D /* AppDelegate.swift in Sources */,
			);
			runOnlyForDeploymentPostprocessing = 0;
		};
/* End PBXSourcesBuildPhase section */

/* Begin PBXVariantGroup section */
		BC6B69801C6FFAFA00F03D6D /* LaunchScreen.storyboard */ = {
			isa = PBXVariantGroup;
			children = (
				BC6B69811C6FFAFA00F03D6D /* Base */,
			);
			name = LaunchScreen.storyboard;
			sourceTree = "<group>";
		};
/* End PBXVariantGroup section */

/* Begin XCBuildConfiguration section */
		BC6B69841C6FFAFA00F03D6D /* Debug */ = {
			isa = XCBuildConfiguration;
			buildSettings = {
				ALWAYS_SEARCH_USER_PATHS = NO;
				CLANG_CXX_LANGUAGE_STANDARD = "gnu++0x";
				CLANG_CXX_LIBRARY = "libc++";
				CLANG_ENABLE_MODULES = YES;
				CLANG_ENABLE_OBJC_ARC = YES;
				CLANG_WARN_BOOL_CONVERSION = YES;
				CLANG_WARN_CONSTANT_CONVERSION = YES;
				CLANG_WARN_DIRECT_OBJC_ISA_USAGE = YES_ERROR;
				CLANG_WARN_EMPTY_BODY = YES;
				CLANG_WARN_ENUM_CONVERSION = YES;
				CLANG_WARN_INT_CONVERSION = YES;
				CLANG_WARN_OBJC_ROOT_CLASS = YES_ERROR;
				CLANG_WARN_UNREACHABLE_CODE = YES;
				CLANG_WARN__DUPLICATE_METHOD_MATCH = YES;
				"CODE_SIGN_IDENTITY[sdk=iphoneos*]" = "iPhone Developer";
				COPY_PHASE_STRIP = NO;
				DEBUG_INFORMATION_FORMAT = dwarf;
				ENABLE_STRICT_OBJC_MSGSEND = YES;
				ENABLE_TESTABILITY = YES;
				GCC_C_LANGUAGE_STANDARD = gnu99;
				GCC_DYNAMIC_NO_PIC = NO;
				GCC_NO_COMMON_BLOCKS = YES;
				GCC_OPTIMIZATION_LEVEL = 0;
				GCC_PREPROCESSOR_DEFINITIONS = (
					"DEBUG=1",
					"$(inherited)",
				);
				GCC_WARN_64_TO_32_BIT_CONVERSION = YES;
				GCC_WARN_ABOUT_RETURN_TYPE = YES_ERROR;
				GCC_WARN_UNDECLARED_SELECTOR = YES;
				GCC_WARN_UNINITIALIZED_AUTOS = YES_AGGRESSIVE;
				GCC_WARN_UNUSED_FUNCTION = YES;
				GCC_WARN_UNUSED_VARIABLE = YES;
				IPHONEOS_DEPLOYMENT_TARGET = 9.2;
				MTL_ENABLE_DEBUG_INFO = YES;
				ONLY_ACTIVE_ARCH = YES;
				SDKROOT = iphoneos;
				SWIFT_OPTIMIZATION_LEVEL = "-Onone";
			};
			name = Debug;
		};
		BC6B69851C6FFAFA00F03D6D /* Release */ = {
			isa = XCBuildConfiguration;
			buildSettings = {
				ALWAYS_SEARCH_USER_PATHS = NO;
				CLANG_CXX_LANGUAGE_STANDARD = "gnu++0x";
				CLANG_CXX_LIBRARY = "libc++";
				CLANG_ENABLE_MODULES = YES;
				CLANG_ENABLE_OBJC_ARC = YES;
				CLANG_WARN_BOOL_CONVERSION = YES;
				CLANG_WARN_CONSTANT_CONVERSION = YES;
				CLANG_WARN_DIRECT_OBJC_ISA_USAGE = YES_ERROR;
				CLANG_WARN_EMPTY_BODY = YES;
				CLANG_WARN_ENUM_CONVERSION = YES;
				CLANG_WARN_INT_CONVERSION = YES;
				CLANG_WARN_OBJC_ROOT_CLASS = YES_ERROR;
				CLANG_WARN_UNREACHABLE_CODE = YES;
				CLANG_WARN__DUPLICATE_METHOD_MATCH = YES;
				"CODE_SIGN_IDENTITY[sdk=iphoneos*]" = "iPhone Developer";
				COPY_PHASE_STRIP = NO;
				DEBUG_INFORMATION_FORMAT = "dwarf-with-dsym";
				ENABLE_NS_ASSERTIONS = NO;
				ENABLE_STRICT_OBJC_MSGSEND = YES;
				GCC_C_LANGUAGE_STANDARD = gnu99;
				GCC_NO_COMMON_BLOCKS = YES;
				GCC_WARN_64_TO_32_BIT_CONVERSION = YES;
				GCC_WARN_ABOUT_RETURN_TYPE = YES_ERROR;
				GCC_WARN_UNDECLARED_SELECTOR = YES;
				GCC_WARN_UNINITIALIZED_AUTOS = YES_AGGRESSIVE;
				GCC_WARN_UNUSED_FUNCTION = YES;
				GCC_WARN_UNUSED_VARIABLE = YES;
				IPHONEOS_DEPLOYMENT_TARGET = 9.2;
				MTL_ENABLE_DEBUG_INFO = NO;
				SDKROOT = iphoneos;
				VALIDATE_PRODUCT = YES;
			};
			name = Release;
		};
		BC6B69871C6FFAFA00F03D6D /* Debug */ = {
			isa = XCBuildConfiguration;
			buildSettings = {
				ASSETCATALOG_COMPILER_APPICON_NAME = AppIcon;
				INFOPLIST_FILE = TheSwissArmyApp/Info.plist;
				LD_RUNPATH_SEARCH_PATHS = "$(inherited) @executable_path/Frameworks";
				PRODUCT_BUNDLE_IDENTIFIER = com.jezzagamermc.TheSwissArmyApp;
				PRODUCT_NAME = "$(TARGET_NAME)";
			};
			name = Debug;
		};
		BC6B69881C6FFAFA00F03D6D /* Release */ = {
			isa = XCBuildConfiguration;
			buildSettings = {
				ASSETCATALOG_COMPILER_APPICON_NAME = AppIcon;
				INFOPLIST_FILE = TheSwissArmyApp/Info.plist;
				LD_RUNPATH_SEARCH_PATHS = "$(inherited) @executable_path/Frameworks";
				PRODUCT_BUNDLE_IDENTIFIER = com.jezzagamermc.TheSwissArmyApp;
				PRODUCT_NAME = "$(TARGET_NAME)";
			};
			name = Release;
		};
/* End XCBuildConfiguration section */

/* Begin XCConfigurationList section */
		BC6B696F1C6FFAFA00F03D6D /* Build configuration list for PBXProject "TheSwissArmyApp" */ = {
			isa = XCConfigurationList;
			buildConfigurations = (
				BC6B69841C6FFAFA00F03D6D /* Debug */,
				BC6B69851C6FFAFA00F03D6D /* Release */,
			);
			defaultConfigurationIsVisible = 0;
			defaultConfigurationName = Release;
		};
		BC6B69861C6FFAFA00F03D6D /* Build configuration list for PBXNativeTarget "TheSwissArmyApp" */ = {
			isa = XCConfigurationList;
			buildConfigurations = (
				BC6B69871C6FFAFA00F03D6D /* Debug */,
				BC6B69881C6FFAFA00F03D6D /* Release */,
			);
			defaultConfigurationIsVisible = 0;
		};
/* End XCConfigurationList section */
	};
	rootObject = BC6B696C1C6FFAFA00F03D6D /* Project object */;
}
